
Microsoft Visual Studio Solution File, Format Version 12.00
# Visual Studio Version 17
VisualStudioVersion = 17.14.36518.9 d17.14
MinimumVisualStudioVersion = 10.0.40219.1
Project("{FAE04EC0-301F-11D3-BF4B-00C04F79EFBC}") = "PAW-Tarea2-AdrianAraya", "PAW-Tarea2-AdrianAraya.csproj", "{535F8465-BCE4-4B10-93DA-A22E09D4BA57}"
EndProject
Global
	GlobalSection(SolutionConfigurationPlatforms) = preSolution
		Debug|Any CPU = Debug|Any CPU
		Release|Any CPU = Release|Any CPU
	EndGlobalSection
	GlobalSection(ProjectConfigurationPlatforms) = postSolution
		{535F8465-BCE4-4B10-93DA-A22E09D4BA57}.Debug|Any CPU.ActiveCfg = Debug|Any CPU
		{535F8465-BCE4-4B10-93DA-A22E09D4BA57}.Debug|Any CPU.Build.0 = Debug|Any CPU
		{535F8465-BCE4-4B10-93DA-A22E09D4BA57}.Release|Any CPU.ActiveCfg = Release|Any CPU
		{535F8465-BCE4-4B10-93DA-A22E09D4BA57}.Release|Any CPU.Build.0 = Release|Any CPU
	EndGlobalSection
	GlobalSection(SolutionProperties) = preSolution
		HideSolutionNode = FALSE
	EndGlobalSection
	GlobalSection(ExtensibilityGlobals) = postSolution
		SolutionGuid = {5F80B032-8C1E-467C-82E9-2B4706D3966F}
	EndGlobalSection
EndGlobal
